{
  "name": "@ciaran1344/stream-deck",
  "version": "1.0.0",
  "lockfileVersion": 2,
  "requires": true,
  "packages": {
    "": {
      "name": "@ciaran1344/stream-deck",
      "license": "ISC",
      "workspaces": [
        "apps/*",
        "packages/*"
      ]
    },
    "apps/reaper-osc": {
      "name": "@ciaran1344/stream-deck-reaper-osc",
      "version": "1.0.0",
      "extraneous": true,
      "license": "ISC",
      "dependencies": {
        "reaper-osc": "0.2.0"
      },
      "devDependencies": {
        "@ciaran1344/stream-deck-types": "*",
        "prettier": "2.8.4",
        "tslib": "2.5.0",
        "typescript": "5.0.2"
      }
    },
    "node_modules/@ciaran1344/stream-deck-api": {
      "resolved": "packages/api",
      "link": true
    },
    "node_modules/@ciaran1344/stream-deck-types": {
      "resolved": "packages/types",
      "link": true
    },
    "packages/api": {
      "name": "@ciaran1344/stream-deck-api",
      "version": "1.0.0",
      "license": "ISC",
      "devDependencies": {
        "@ciaran1344/stream-deck-types": "file:../types",
        "prettier": "3.0.3",
        "tslib": "2.6.2",
        "typescript": "5.2.2"
      }
    },
    "packages/api/node_modules/prettier": {
      "version": "3.0.3",
      "resolved": "https://registry.npmjs.org/prettier/-/prettier-3.0.3.tgz",
      "integrity": "sha512-L/4pUDMxcNa8R/EthV08Zt42WBO4h1rarVtK0K+QJG0X187OLo7l699jWw0GKuwzkPQ//jMFA/8Xm6Fh3J/DAg==",
      "dev": true,
      "bin": {
        "prettier": "bin/prettier.cjs"
      },
      "engines": {
        "node": ">=14"
      },
      "funding": {
        "url": "https://github.com/prettier/prettier?sponsor=1"
      }
    },
    "packages/api/node_modules/tslib": {
      "version": "2.6.2",
      "resolved": "https://registry.npmjs.org/tslib/-/tslib-2.6.2.tgz",
      "integrity": "sha512-AEYxH93jGFPn/a2iVAwW87VuUIkR1FVUKB77NwMF7nBTDkDrrT/Hpt/IrCJ0QXhW27jTBDcf5ZY7w6RiqTMw2Q==",
      "dev": true
    },
    "packages/api/node_modules/typescript": {
      "version": "5.2.2",
      "resolved": "https://registry.npmjs.org/typescript/-/typescript-5.2.2.tgz",
      "integrity": "sha512-mI4WrpHsbCIcwT9cF4FZvr80QUeKvsUsUvKDoR+X/7XHQH98xYD8YHZg7ANtz2GtZt/CBq2QJ0thkGJMHfqc1w==",
      "dev": true,
      "bin": {
        "tsc": "bin/tsc",
        "tsserver": "bin/tsserver"
      },
      "engines": {
        "node": ">=14.17"
      }
    },
    "packages/reaper": {
      "version": "1.0.0",
      "extraneous": true,
      "license": "ISC",
      "dependencies": {
        "reaper-osc": "0.2.0"
      },
      "devDependencies": {
        "esbuild": "0.17.14",
        "prettier": "2.8.4",
        "tslib": "2.5.0",
        "typescript": "5.0.2"
      }
    },
    "packages/reaper-osc": {
      "name": "@ciaran1344/stream-deck-reaper-osc",
      "version": "1.0.0",
      "extraneous": true,
      "license": "ISC",
      "dependencies": {
        "reaper-osc": "0.2.0"
      },
      "devDependencies": {
        "@ciaran1344/stream-deck-types": "*",
        "prettier": "2.8.4",
        "tslib": "2.5.0",
        "typescript": "5.0.2"
      }
    },
    "packages/types": {
      "name": "@ciaran1344/stream-deck-types",
      "version": "1.0.0",
      "license": "ISC",
      "devDependencies": {
        "prettier": "3.0.3",
        "tslib": "2.6.2",
        "typescript": "5.2.2"
      }
    },
    "packages/types/node_modules/prettier": {
      "version": "3.0.3",
      "resolved": "https://registry.npmjs.org/prettier/-/prettier-3.0.3.tgz",
      "integrity": "sha512-L/4pUDMxcNa8R/EthV08Zt42WBO4h1rarVtK0K+QJG0X187OLo7l699jWw0GKuwzkPQ//jMFA/8Xm6Fh3J/DAg==",
      "dev": true,
      "bin": {
        "prettier": "bin/prettier.cjs"
      },
      "engines": {
        "node": ">=14"
      },
      "funding": {
        "url": "https://github.com/prettier/prettier?sponsor=1"
      }
    },
    "packages/types/node_modules/tslib": {
      "version": "2.6.2",
      "resolved": "https://registry.npmjs.org/tslib/-/tslib-2.6.2.tgz",
      "integrity": "sha512-AEYxH93jGFPn/a2iVAwW87VuUIkR1FVUKB77NwMF7nBTDkDrrT/Hpt/IrCJ0QXhW27jTBDcf5ZY7w6RiqTMw2Q==",
      "dev": true
    },
    "packages/types/node_modules/typescript": {
      "version": "5.2.2",
      "resolved": "https://registry.npmjs.org/typescript/-/typescript-5.2.2.tgz",
      "integrity": "sha512-mI4WrpHsbCIcwT9cF4FZvr80QUeKvsUsUvKDoR+X/7XHQH98xYD8YHZg7ANtz2GtZt/CBq2QJ0thkGJMHfqc1w==",
      "dev": true,
      "bin": {
        "tsc": "bin/tsc",
        "tsserver": "bin/tsserver"
      },
      "engines": {
        "node": ">=14.17"
      }
    }
  },
  "dependencies": {
    "@ciaran1344/stream-deck-api": {
      "version": "file:packages/api",
      "requires": {
        "@ciaran1344/stream-deck-types": "file:../types",
        "prettier": "3.0.3",
        "tslib": "2.6.2",
        "typescript": "5.2.2"
      },
      "dependencies": {
        "prettier": {
          "version": "3.0.3",
          "resolved": "https://registry.npmjs.org/prettier/-/prettier-3.0.3.tgz",
          "integrity": "sha512-L/4pUDMxcNa8R/EthV08Zt42WBO4h1rarVtK0K+QJG0X187OLo7l699jWw0GKuwzkPQ//jMFA/8Xm6Fh3J/DAg==",
          "dev": true
        },
        "tslib": {
          "version": "2.6.2",
          "resolved": "https://registry.npmjs.org/tslib/-/tslib-2.6.2.tgz",
          "integrity": "sha512-AEYxH93jGFPn/a2iVAwW87VuUIkR1FVUKB77NwMF7nBTDkDrrT/Hpt/IrCJ0QXhW27jTBDcf5ZY7w6RiqTMw2Q==",
          "dev": true
        },
        "typescript": {
          "version": "5.2.2",
          "resolved": "https://registry.npmjs.org/typescript/-/typescript-5.2.2.tgz",
          "integrity": "sha512-mI4WrpHsbCIcwT9cF4FZvr80QUeKvsUsUvKDoR+X/7XHQH98xYD8YHZg7ANtz2GtZt/CBq2QJ0thkGJMHfqc1w==",
          "dev": true
        }
      }
    },
    "@ciaran1344/stream-deck-types": {
      "version": "file:packages/types",
      "requires": {
        "prettier": "3.0.3",
        "tslib": "2.6.2",
        "typescript": "5.2.2"
      },
      "dependencies": {
        "prettier": {
          "version": "3.0.3",
          "resolved": "https://registry.npmjs.org/prettier/-/prettier-3.0.3.tgz",
          "integrity": "sha512-L/4pUDMxcNa8R/EthV08Zt42WBO4h1rarVtK0K+QJG0X187OLo7l699jWw0GKuwzkPQ//jMFA/8Xm6Fh3J/DAg==",
          "dev": true
        },
        "tslib": {
          "version": "2.6.2",
          "resolved": "https://registry.npmjs.org/tslib/-/tslib-2.6.2.tgz",
          "integrity": "sha512-AEYxH93jGFPn/a2iVAwW87VuUIkR1FVUKB77NwMF7nBTDkDrrT/Hpt/IrCJ0QXhW27jTBDcf5ZY7w6RiqTMw2Q==",
          "dev": true
        },
        "typescript": {
          "version": "5.2.2",
          "resolved": "https://registry.npmjs.org/typescript/-/typescript-5.2.2.tgz",
          "integrity": "sha512-mI4WrpHsbCIcwT9cF4FZvr80QUeKvsUsUvKDoR+X/7XHQH98xYD8YHZg7ANtz2GtZt/CBq2QJ0thkGJMHfqc1w==",
          "dev": true
        }
      }
    }
  }
}
